// !$*UTF8*$!
{
	archiveVersion = 1;
	classes = {
	};
	objectVersion = 50;
	objects = {

/* Begin PBXBuildFile section */
		BD29981A2183AE79003312EF /* AppDelegate.swift in Sources */ = {isa = PBXBuildFile; fileRef = BD2998192183AE79003312EF /* AppDelegate.swift */; };
		BD29981C2183AE79003312EF /* ViewController.swift in Sources */ = {isa = PBXBuildFile; fileRef = BD29981B2183AE79003312EF /* ViewController.swift */; };
		BD29981F2183AE79003312EF /* Main.storyboard in Resources */ = {isa = PBXBuildFile; fileRef = BD29981D2183AE79003312EF /* Main.storyboard */; };
		BD2998212183AE7B003312EF /* Assets.xcassets in Resources */ = {isa = PBXBuildFile; fileRef = BD2998202183AE7B003312EF /* Assets.xcassets */; };
		BD2998242183AE7B003312EF /* LaunchScreen.storyboard in Resources */ = {isa = PBXBuildFile; fileRef = BD2998222183AE7B003312EF /* LaunchScreen.storyboard */; };
		BD29982F2183AE7C003312EF /* Lickable_PhotosTests.swift in Sources */ = {isa = PBXBuildFile; fileRef = BD29982E2183AE7C003312EF /* Lickable_PhotosTests.swift */; };
		BD29983D2183B3F8003312EF /* Photo.swift in Sources */ = {isa = PBXBuildFile; fileRef = BD29983C2183B3F8003312EF /* Photo.swift */; };
/* End PBXBuildFile section */

/* Begin PBXContainerItemProxy section */
		BD29982B2183AE7C003312EF /* PBXContainerItemProxy */ = {
			isa = PBXContainerItemProxy;
			containerPortal = BD29980E2183AE79003312EF /* Project object */;
			proxyType = 1;
			remoteGlobalIDString = BD2998152183AE79003312EF;
			remoteInfo = "Lickable Photos";
		};
/* End PBXContainerItemProxy section */

/* Begin PBXFileReference section */
		BD2998162183AE79003312EF /* Lickable Photos.app */ = {isa = PBXFileReference; explicitFileType = wrapper.application; includeInIndex = 0; path = "Lickable Photos.app"; sourceTree = BUILT_PRODUCTS_DIR; };
		BD2998192183AE79003312EF /* AppDelegate.swift */ = {isa = PBXFileReference; lastKnownFileType = sourcecode.swift; path = AppDelegate.swift; sourceTree = "<group>"; };
		BD29981B2183AE79003312EF /* ViewController.swift */ = {isa = PBXFileReference; lastKnownFileType = sourcecode.swift; path = ViewController.swift; sourceTree = "<group>"; };
		BD29981E2183AE79003312EF /* Base */ = {isa = PBXFileReference; lastKnownFileType = file.storyboard; name = Base; path = Base.lproj/Main.storyboard; sourceTree = "<group>"; };
		BD2998202183AE7B003312EF /* Assets.xcassets */ = {isa = PBXFileReference; lastKnownFileType = folder.assetcatalog; path = Assets.xcassets; sourceTree = "<group>"; };
		BD2998232183AE7B003312EF /* Base */ = {isa = PBXFileReference; lastKnownFileType = file.storyboard; name = Base; path = Base.lproj/LaunchScreen.storyboard; sourceTree = "<group>"; };
		BD2998252183AE7B003312EF /* Info.plist */ = {isa = PBXFileReference; lastKnownFileType = text.plist.xml; path = Info.plist; sourceTree = "<group>"; };
		BD29982A2183AE7C003312EF /* Lickable PhotosTests.xctest */ = {isa = PBXFileReference; explicitFileType = wrapper.cfbundle; includeInIndex = 0; path = "Lickable PhotosTests.xctest"; sourceTree = BUILT_PRODUCTS_DIR; };
		BD29982E2183AE7C003312EF /* Lickable_PhotosTests.swift */ = {isa = PBXFileReference; lastKnownFileType = sourcecode.swift; path = Lickable_PhotosTests.swift; sourceTree = "<group>"; };
		BD2998302183AE7C003312EF /* Info.plist */ = {isa = PBXFileReference; lastKnownFileType = text.plist.xml; path = Info.plist; sourceTree = "<group>"; };
		BD29983C2183B3F8003312EF /* Photo.swift */ = {isa = PBXFileReference; lastKnownFileType = sourcecode.swift; path = Photo.swift; sourceTree = "<group>"; };
/* End PBXFileReference section */

/* Begin PBXFrameworksBuildPhase section */
		BD2998132183AE79003312EF /* Frameworks */ = {
			isa = PBXFrameworksBuildPhase;
			buildActionMask = 2147483647;
			files = (
			);
			runOnlyForDeploymentPostprocessing = 0;
		};
		BD2998272183AE7C003312EF /* Frameworks */ = {
			isa = PBXFrameworksBuildPhase;
			buildActionMask = 2147483647;
			files = (
			);
			runOnlyForDeploymentPostprocessing = 0;
		};
/* End PBXFrameworksBuildPhase section */

/* Begin PBXGroup section */
		BD29980D2183AE79003312EF = {
			isa = PBXGroup;
			children = (
				BD2998182183AE79003312EF /* Lickable Photos */,
				BD29982D2183AE7C003312EF /* Lickable PhotosTests */,
				BD2998172183AE79003312EF /* Products */,
			);
			sourceTree = "<group>";
		};
		BD2998172183AE79003312EF /* Products */ = {
			isa = PBXGroup;
			children = (
				BD2998162183AE79003312EF /* Lickable Photos.app */,
				BD29982A2183AE7C003312EF /* Lickable PhotosTests.xctest */,
			);
			name = Products;
			sourceTree = "<group>";
		};
		BD2998182183AE79003312EF /* Lickable Photos */ = {
			isa = PBXGroup;
			children = (
				BD2998392183B1D7003312EF /* Model */,
				BD29983A2183B1E4003312EF /* View */,
				BD29983B2183B1EB003312EF /* Controller */,
				BD2998192183AE79003312EF /* AppDelegate.swift */,
				BD2998202183AE7B003312EF /* Assets.xcassets */,
				BD2998252183AE7B003312EF /* Info.plist */,
			);
			path = "Lickable Photos";
			sourceTree = "<group>";
		};
		BD29982D2183AE7C003312EF /* Lickable PhotosTests */ = {
			isa = PBXGroup;
			children = (
				BD29982E2183AE7C003312EF /* Lickable_PhotosTests.swift */,
				BD2998302183AE7C003312EF /* Info.plist */,
			);
			path = "Lickable PhotosTests";
			sourceTree = "<group>";
		};
		BD2998392183B1D7003312EF /* Model */ = {
			isa = PBXGroup;
			children = (
				BD29983C2183B3F8003312EF /* Photo.swift */,
			);
			path = Model;
			sourceTree = "<group>";
		};
		BD29983A2183B1E4003312EF /* View */ = {
			isa = PBXGroup;
			children = (
				BD2998222183AE7B003312EF /* LaunchScreen.storyboard */,
				BD29981D2183AE79003312EF /* Main.storyboard */,
			);
			path = View;
			sourceTree = "<group>";
		};
		BD29983B2183B1EB003312EF /* Controller */ = {
			isa = PBXGroup;
			children = (
				BD29981B2183AE79003312EF /* ViewController.swift */,
			);
			path = Controller;
			sourceTree = "<group>";
		};
/* End PBXGroup section */

/* Begin PBXNativeTarget section */
		BD2998152183AE79003312EF /* Lickable Photos */ = {
			isa = PBXNativeTarget;
			buildConfigurationList = BD2998332183AE7C003312EF /* Build configuration list for PBXNativeTarget "Lickable Photos" */;
			buildPhases = (
				BD2998122183AE79003312EF /* Sources */,
				BD2998132183AE79003312EF /* Frameworks */,
				BD2998142183AE79003312EF /* Resources */,
			);
			buildRules = (
			);
			dependencies = (
			);
			name = "Lickable Photos";
			productName = "Lickable Photos";
			productReference = BD2998162183AE79003312EF /* Lickable Photos.app */;
			productType = "com.apple.product-type.application";
		};
		BD2998292183AE7C003312EF /* Lickable PhotosTests */ = {
			isa = PBXNativeTarget;
			buildConfigurationList = BD2998362183AE7C003312EF /* Build configuration list for PBXNativeTarget "Lickable PhotosTests" */;
			buildPhases = (
				BD2998262183AE7C003312EF /* Sources */,
				BD2998272183AE7C003312EF /* Frameworks */,
				BD2998282183AE7C003312EF /* Resources */,
			);
			buildRules = (
			);
			dependencies = (
				BD29982C2183AE7C003312EF /* PBXTargetDependency */,
			);
			name = "Lickable PhotosTests";
			productName = "Lickable PhotosTests";
			productReference = BD29982A2183AE7C003312EF /* Lickable PhotosTests.xctest */;
			productType = "com.apple.product-type.bundle.unit-test";
		};
/* End PBXNativeTarget section */

/* Begin PBXProject section */
		BD29980E2183AE79003312EF /* Project object */ = {
			isa = PBXProject;
			attributes = {
				LastSwiftUpdateCheck = 1000;
				LastUpgradeCheck = 1000;
				ORGANIZATIONNAME = "Marc Aupont";
				TargetAttributes = {
					BD2998152183AE79003312EF = {
						CreatedOnToolsVersion = 10.0;
					};
					BD2998292183AE7C003312EF = {
						CreatedOnToolsVersion = 10.0;
						TestTargetID = BD2998152183AE79003312EF;
					};
				};
			};
			buildConfigurationList = BD2998112183AE79003312EF /* Build configuration list for PBXProject "Lickable Photos" */;
			compatibilityVersion = "Xcode 9.3";
			developmentRegion = en;
			hasScannedForEncodings = 0;
			knownRegions = (
				en,
				Base,
			);
			mainGroup = BD29980D2183AE79003312EF;
			productRefGroup = BD2998172183AE79003312EF /* Products */;
			projectDirPath = "";
			projectRoot = "";
			targets = (
				BD2998152183AE79003312EF /* Lickable Photos */,
				BD2998292183AE7C003312EF /* Lickable PhotosTests */,
			);
		};
/* End PBXProject section */

/* Begin PBXResourcesBuildPhase section */
		BD2998142183AE79003312EF /* Resources */ = {
			isa = PBXResourcesBuildPhase;
			buildActionMask = 2147483647;
			files = (
				BD2998242183AE7B003312EF /* LaunchScreen.storyboard in Resources */,
				BD2998212183AE7B003312EF /* Assets.xcassets in Resources */,
				BD29981F2183AE79003312EF /* Main.storyboard in Resources */,
			);
			runOnlyForDeploymentPostprocessing = 0;
		};
		BD2998282183AE7C003312EF /* Resources */ = {
			isa = PBXResourcesBuildPhase;
			buildActionMask = 2147483647;
			files = (
			);
			runOnlyForDeploymentPostprocessing = 0;
		};
/* End PBXResourcesBuildPhase section */

/* Begin PBXSourcesBuildPhase section */
		BD2998122183AE79003312EF /* Sources */ = {
			isa = PBXSourcesBuildPhase;
			buildActionMask = 2147483647;
			files = (
				BD29983D2183B3F8003312EF /* Photo.swift in Sources */,
				BD29981C2183AE79003312EF /* ViewController.swift in Sources */,
				BD29981A2183AE79003312EF /* AppDelegate.swift in Sources */,
			);
			runOnlyForDeploymentPostprocessing = 0;
		};
		BD2998262183AE7C003312EF /* Sources */ = {
			isa = PBXSourcesBuildPhase;
			buildActionMask = 2147483647;
			files = (
				BD29982F2183AE7C003312EF /* Lickable_PhotosTests.swift in Sources */,
			);
			runOnlyForDeploymentPostprocessing = 0;
		};
/* End PBXSourcesBuildPhase section */

/* Begin PBXTargetDependency section */
		BD29982C2183AE7C003312EF /* PBXTargetDependency */ = {
			isa = PBXTargetDependency;
			target = BD2998152183AE79003312EF /* Lickable Photos */;
			targetProxy = BD29982B2183AE7C003312EF /* PBXContainerItemProxy */;
		};
/* End PBXTargetDependency section */

/* Begin PBXVariantGroup section */
		BD29981D2183AE79003312EF /* Main.storyboard */ = {
			isa = PBXVariantGroup;
			children = (
				BD29981E2183AE79003312EF /* Base */,
			);
			name = Main.storyboard;
			sourceTree = "<group>";
		};
		BD2998222183AE7B003312EF /* LaunchScreen.storyboard */ = {
			isa = PBXVariantGroup;
			children = (
				BD2998232183AE7B003312EF /* Base */,
			);
			name = LaunchScreen.storyboard;
			sourceTree = "<group>";
		};
/* End PBXVariantGroup section */

/* Begin XCBuildConfiguration section */
		BD2998312183AE7C003312EF /* Debug */ = {
			isa = XCBuildConfiguration;
			buildSettings = {
				ALWAYS_SEARCH_USER_PATHS = NO;
				CLANG_ANALYZER_NONNULL = YES;
				CLANG_ANALYZER_NUMBER_OBJECT_CONVERSION = YES_AGGRESSIVE;
				CLANG_CXX_LANGUAGE_STANDARD = "gnu++14";
				CLANG_CXX_LIBRARY = "libc++";
				CLANG_ENABLE_MODULES = YES;
				CLANG_ENABLE_OBJC_ARC = YES;
				CLANG_ENABLE_OBJC_WEAK = YES;
				CLANG_WARN_BLOCK_CAPTURE_AUTORELEASING = YES;
				CLANG_WARN_BOOL_CONVERSION = YES;
				CLANG_WARN_COMMA = YES;
				CLANG_WARN_CONSTANT_CONVERSION = YES;
				CLANG_WARN_DEPRECATED_OBJC_IMPLEMENTATIONS = YES;
				CLANG_WARN_DIRECT_OBJC_ISA_USAGE = YES_ERROR;
				CLANG_WARN_DOCUMENTATION_COMMENTS = YES;
				CLANG_WARN_EMPTY_BODY = YES;
				CLANG_WARN_ENUM_CONVERSION = YES;
				CLANG_WARN_INFINITE_RECURSION = YES;
				CLANG_WARN_INT_CONVERSION = YES;
				CLANG_WARN_NON_LITERAL_NULL_CONVERSION = YES;
				CLANG_WARN_OBJC_IMPLICIT_RETAIN_SELF = YES;
				CLANG_WARN_OBJC_LITERAL_CONVERSION = YES;
				CLANG_WARN_OBJC_ROOT_CLASS = YES_ERROR;
				CLANG_WARN_RANGE_LOOP_ANALYSIS = YES;
				CLANG_WARN_STRICT_PROTOTYPES = YES;
				CLANG_WARN_SUSPICIOUS_MOVE = YES;
				CLANG_WARN_UNGUARDED_AVAILABILITY = YES_AGGRESSIVE;
				CLANG_WARN_UNREACHABLE_CODE = YES;
				CLANG_WARN__DUPLICATE_METHOD_MATCH = YES;
				CODE_SIGN_IDENTITY = "iPhone Developer";
				COPY_PHASE_STRIP = NO;
				DEBUG_INFORMATION_FORMAT = dwarf;
				ENABLE_STRICT_OBJC_MSGSEND = YES;
				ENABLE_TESTABILITY = YES;
				GCC_C_LANGUAGE_STANDARD = gnu11;
				GCC_DYNAMIC_NO_PIC = NO;
				GCC_NO_COMMON_BLOCKS = YES;
				GCC_OPTIMIZATION_LEVEL = 0;
				GCC_PREPROCESSOR_DEFINITIONS = (
					"DEBUG=1",
					"$(inherited)",
				);
				GCC_WARN_64_TO_32_BIT_CONVERSION = YES;
				GCC_WARN_ABOUT_RETURN_TYPE = YES_ERROR;
				GCC_WARN_UNDECLARED_SELECTOR = YES;
				GCC_WARN_UNINITIALIZED_AUTOS = YES_AGGRESSIVE;
				GCC_WARN_UNUSED_FUNCTION = YES;
				GCC_WARN_UNUSED_VARIABLE = YES;
				IPHONEOS_DEPLOYMENT_TARGET = 12.0;
				MTL_ENABLE_DEBUG_INFO = INCLUDE_SOURCE;
				MTL_FAST_MATH = YES;
				ONLY_ACTIVE_ARCH = YES;
				SDKROOT = iphoneos;
				SWIFT_ACTIVE_COMPILATION_CONDITIONS = DEBUG;
				SWIFT_OPTIMIZATION_LEVEL = "-Onone";
			};
			name = Debug;
		};
		BD2998322183AE7C003312EF /* Release */ = {
			isa = XCBuildConfiguration;
			buildSettings = {
				ALWAYS_SEARCH_USER_PATHS = NO;
				CLANG_ANALYZER_NONNULL = YES;
				CLANG_ANALYZER_NUMBER_OBJECT_CONVERSION = YES_AGGRESSIVE;
				CLANG_CXX_LANGUAGE_STANDARD = "gnu++14";
				CLANG_CXX_LIBRARY = "libc++";
				CLANG_ENABLE_MODULES = YES;
				CLANG_ENABLE_OBJC_ARC = YES;
				CLANG_ENABLE_OBJC_WEAK = YES;
				CLANG_WARN_BLOCK_CAPTURE_AUTORELEASING = YES;
				CLANG_WARN_BOOL_CONVERSION = YES;
				CLANG_WARN_COMMA = YES;
				CLANG_WARN_CONSTANT_CONVERSION = YES;
				CLANG_WARN_DEPRECATED_OBJC_IMPLEMENTATIONS = YES;
				CLANG_WARN_DIRECT_OBJC_ISA_USAGE = YES_ERROR;
				CLANG_WARN_DOCUMENTATION_COMMENTS = YES;
				CLANG_WARN_EMPTY_BODY = YES;
				CLANG_WARN_ENUM_CONVERSION = YES;
				CLANG_WARN_INFINITE_RECURSION = YES;
				CLANG_WARN_INT_CONVERSION = YES;
				CLANG_WARN_NON_LITERAL_NULL_CONVERSION = YES;
				CLANG_WARN_OBJC_IMPLICIT_RETAIN_SELF = YES;
				CLANG_WARN_OBJC_LITERAL_CONVERSION = YES;
				CLANG_WARN_OBJC_ROOT_CLASS = YES_ERROR;
				CLANG_WARN_RANGE_LOOP_ANALYSIS = YES;
				CLANG_WARN_STRICT_PROTOTYPES = YES;
				CLANG_WARN_SUSPICIOUS_MOVE = YES;
				CLANG_WARN_UNGUARDED_AVAILABILITY = YES_AGGRESSIVE;
				CLANG_WARN_UNREACHABLE_CODE = YES;
				CLANG_WARN__DUPLICATE_METHOD_MATCH = YES;
				CODE_SIGN_IDENTITY = "iPhone Developer";
				COPY_PHASE_STRIP = NO;
				DEBUG_INFORMATION_FORMAT = "dwarf-with-dsym";
				ENABLE_NS_ASSERTIONS = NO;
				ENABLE_STRICT_OBJC_MSGSEND = YES;
				GCC_C_LANGUAGE_STANDARD = gnu11;
				GCC_NO_COMMON_BLOCKS = YES;
				GCC_WARN_64_TO_32_BIT_CONVERSION = YES;
				GCC_WARN_ABOUT_RETURN_TYPE = YES_ERROR;
				GCC_WARN_UNDECLARED_SELECTOR = YES;
				GCC_WARN_UNINITIALIZED_AUTOS = YES_AGGRESSIVE;
				GCC_WARN_UNUSED_FUNCTION = YES;
				GCC_WARN_UNUSED_VARIABLE = YES;
				IPHONEOS_DEPLOYMENT_TARGET = 12.0;
				MTL_ENABLE_DEBUG_INFO = NO;
				MTL_FAST_MATH = YES;
				SDKROOT = iphoneos;
				SWIFT_COMPILATION_MODE = wholemodule;
				SWIFT_OPTIMIZATION_LEVEL = "-O";
				VALIDATE_PRODUCT = YES;
			};
			name = Release;
		};
		BD2998342183AE7C003312EF /* Debug */ = {
			isa = XCBuildConfiguration;
			buildSettings = {
				ASSETCATALOG_COMPILER_APPICON_NAME = AppIcon;
				CODE_SIGN_STYLE = Automatic;
				DEVELOPMENT_TEAM = 4T87K25SZU;
				INFOPLIST_FILE = "Lickable Photos/Info.plist";
				LD_RUNPATH_SEARCH_PATHS = (
					"$(inherited)",
					"@executable_path/Frameworks",
				);
				PRODUCT_BUNDLE_IDENTIFIER = "com.digimarktech.Lickable-Photos";
				PRODUCT_NAME = "$(TARGET_NAME)";
				SWIFT_VERSION = 4.2;
				TARGETED_DEVICE_FAMILY = "1,2";
			};
			name = Debug;
		};
		BD2998352183AE7C003312EF /* Release */ = {
			isa = XCBuildConfiguration;
			buildSettings = {
				ASSETCATALOG_COMPILER_APPICON_NAME = AppIcon;
				CODE_SIGN_STYLE = Automatic;
				DEVELOPMENT_TEAM = 4T87K25SZU;
				INFOPLIST_FILE = "Lickable Photos/Info.plist";
				LD_RUNPATH_SEARCH_PATHS = (
					"$(inherited)",
					"@executable_path/Frameworks",
				);
				PRODUCT_BUNDLE_IDENTIFIER = "com.digimarktech.Lickable-Photos";
				PRODUCT_NAME = "$(TARGET_NAME)";
				SWIFT_VERSION = 4.2;
				TARGETED_DEVICE_FAMILY = "1,2";
			};
			name = Release;
		};
		BD2998372183AE7C003312EF /* Debug */ = {
			isa = XCBuildConfiguration;
			buildSettings = {
				ALWAYS_EMBED_SWIFT_STANDARD_LIBRARIES = YES;
				BUNDLE_LOADER = "$(TEST_HOST)";
				CODE_SIGN_STYLE = Automatic;
				DEVELOPMENT_TEAM = 4T87K25SZU;
				INFOPLIST_FILE = "Lickable PhotosTests/Info.plist";
				LD_RUNPATH_SEARCH_PATHS = (
					"$(inherited)",
					"@executable_path/Frameworks",
					"@loader_path/Frameworks",
				);
				PRODUCT_BUNDLE_IDENTIFIER = "com.digimarktech.Lickable-PhotosTests";
				PRODUCT_NAME = "$(TARGET_NAME)";
				SWIFT_VERSION = 4.2;
				TARGETED_DEVICE_FAMILY = "1,2";
				TEST_HOST = "$(BUILT_PRODUCTS_DIR)/Lickable Photos.app/Lickable Photos";
			};
			name = Debug;
		};
		BD2998382183AE7C003312EF /* Release */ = {
			isa = XCBuildConfiguration;
			buildSettings = {
				ALWAYS_EMBED_SWIFT_STANDARD_LIBRARIES = YES;
				BUNDLE_LOADER = "$(TEST_HOST)";
				CODE_SIGN_STYLE = Automatic;
				DEVELOPMENT_TEAM = 4T87K25SZU;
				INFOPLIST_FILE = "Lickable PhotosTests/Info.plist";
				LD_RUNPATH_SEARCH_PATHS = (
					"$(inherited)",
					"@executable_path/Frameworks",
					"@loader_path/Frameworks",
				);
				PRODUCT_BUNDLE_IDENTIFIER = "com.digimarktech.Lickable-PhotosTests";
				PRODUCT_NAME = "$(TARGET_NAME)";
				SWIFT_VERSION = 4.2;
				TARGETED_DEVICE_FAMILY = "1,2";
				TEST_HOST = "$(BUILT_PRODUCTS_DIR)/Lickable Photos.app/Lickable Photos";
			};
			name = Release;
		};
/* End XCBuildConfiguration section */

/* Begin XCConfigurationList section */
		BD2998112183AE79003312EF /* Build configuration list for PBXProject "Lickable Photos" */ = {
			isa = XCConfigurationList;
			buildConfigurations = (
				BD2998312183AE7C003312EF /* Debug */,
				BD2998322183AE7C003312EF /* Release */,
			);
			defaultConfigurationIsVisible = 0;
			defaultConfigurationName = Release;
		};
		BD2998332183AE7C003312EF /* Build configuration list for PBXNativeTarget "Lickable Photos" */ = {
			isa = XCConfigurationList;
			buildConfigurations = (
				BD2998342183AE7C003312EF /* Debug */,
				BD2998352183AE7C003312EF /* Release */,
			);
			defaultConfigurationIsVisible = 0;
			defaultConfigurationName = Release;
		};
		BD2998362183AE7C003312EF /* Build configuration list for PBXNativeTarget "Lickable PhotosTests" */ = {
			isa = XCConfigurationList;
			buildConfigurations = (
				BD2998372183AE7C003312EF /* Debug */,
				BD2998382183AE7C003312EF /* Release */,
			);
			defaultConfigurationIsVisible = 0;
			defaultConfigurationName = Release;
		};
/* End XCConfigurationList section */
	};
	rootObject = BD29980E2183AE79003312EF /* Project object */;
}
